
Microsoft Visual Studio Solution File, Format Version 12.00
# Visual Studio Version 17
VisualStudioVersion = 17.3.32929.385
MinimumVisualStudioVersion = 10.0.40219.1
Project("{9A19103F-16F7-4668-BE54-9A1E7A4F7556}") = "ClassesAsssiation", "ClassesAsssiation\ClassesAsssiation.csproj", "{CE0F8B99-1C33-49B6-BA6B-75A518AD4B99}"
EndProject
Project("{FAE04EC0-301F-11D3-BF4B-00C04F79EFBC}") = "Amazon", "Amazon\Amazon.csproj", "{7C91CB18-C6BF-416C-A5AA-0B7278926075}"
EndProject
Global
	GlobalSection(SolutionConfigurationPlatforms) = preSolution
		Debug|Any CPU = Debug|Any CPU
		Release|Any CPU = Release|Any CPU
	EndGlobalSection
	GlobalSection(ProjectConfigurationPlatforms) = postSolution
		{CE0F8B99-1C33-49B6-BA6B-75A518AD4B99}.Debug|Any CPU.ActiveCfg = Debug|Any CPU
		{CE0F8B99-1C33-49B6-BA6B-75A518AD4B99}.Debug|Any CPU.Build.0 = Debug|Any CPU
		{CE0F8B99-1C33-49B6-BA6B-75A518AD4B99}.Release|Any CPU.ActiveCfg = Release|Any CPU
		{CE0F8B99-1C33-49B6-BA6B-75A518AD4B99}.Release|Any CPU.Build.0 = Release|Any CPU
		{7C91CB18-C6BF-416C-A5AA-0B7278926075}.Debug|Any CPU.ActiveCfg = Debug|Any CPU
		{7C91CB18-C6BF-416C-A5AA-0B7278926075}.Debug|Any CPU.Build.0 = Debug|Any CPU
		{7C91CB18-C6BF-416C-A5AA-0B7278926075}.Release|Any CPU.ActiveCfg = Release|Any CPU
		{7C91CB18-C6BF-416C-A5AA-0B7278926075}.Release|Any CPU.Build.0 = Release|Any CPU
	EndGlobalSection
	GlobalSection(SolutionProperties) = preSolution
		HideSolutionNode = FALSE
	EndGlobalSection
	GlobalSection(ExtensibilityGlobals) = postSolution
		SolutionGuid = {B8005BBF-92B6-45DB-8094-7ACCB5E0370A}
	EndGlobalSection
EndGlobal
